// !$*UTF8*$!
{
	archiveVersion = 1;
	classes = {
	};
	objectVersion = 77;
	objects = {

/* Begin PBXBuildFile section */
		305BC60C2DDB72DC007A6E50 /* Assets.xcassets in Resources */ = {isa = PBXBuildFile; fileRef = 305BC60B2DDB72DC007A6E50 /* Assets.xcassets */; };
		30A379D32DDD412A000493CE /* Assets 2.xcassets in Resources */ = {isa = PBXBuildFile; fileRef = 30A379CE2DDD412A000493CE /* Assets 2.xcassets */; };
/* End PBXBuildFile section */

/* Begin PBXContainerItemProxy section */
		300A53FF2DD8BCA700A9BC6A /* PBXContainerItemProxy */ = {
			isa = PBXContainerItemProxy;
			containerPortal = 300A53E92DD8BCA600A9BC6A /* Project object */;
			proxyType = 1;
			remoteGlobalIDString = 300A53F02DD8BCA600A9BC6A;
			remoteInfo = "HelloWorld HelloWorld HelloWorld Hello word";
		};
		300A54092DD8BCA700A9BC6A /* PBXContainerItemProxy */ = {
			isa = PBXContainerItemProxy;
			containerPortal = 300A53E92DD8BCA600A9BC6A /* Project object */;
			proxyType = 1;
			remoteGlobalIDString = 300A53F02DD8BCA600A9BC6A;
			remoteInfo = "HelloWorld HelloWorld HelloWorld Hello word";
		};
/* End PBXContainerItemProxy section */

/* Begin PBXFileReference section */
		300A53F12DD8BCA600A9BC6A /* project 1 .app */ = {isa = PBXFileReference; explicitFileType = wrapper.application; includeInIndex = 0; path = "project 1 .app"; sourceTree = BUILT_PRODUCTS_DIR; };
		300A53FE2DD8BCA700A9BC6A /* project 1 Tests.xctest */ = {isa = PBXFileReference; explicitFileType = wrapper.cfbundle; includeInIndex = 0; path = "project 1 Tests.xctest"; sourceTree = BUILT_PRODUCTS_DIR; };
		300A54082DD8BCA700A9BC6A /* project 1 UITests.xctest */ = {isa = PBXFileReference; explicitFileType = wrapper.cfbundle; includeInIndex = 0; path = "project 1 UITests.xctest"; sourceTree = BUILT_PRODUCTS_DIR; };
		305BC60B2DDB72DC007A6E50 /* Assets.xcassets */ = {isa = PBXFileReference; lastKnownFileType = folder.assetcatalog; path = Assets.xcassets; sourceTree = "<group>"; };
		30A379CE2DDD412A000493CE /* Assets 2.xcassets */ = {isa = PBXFileReference; lastKnownFileType = folder.assetcatalog; path = "Assets 2.xcassets"; sourceTree = "<group>"; };
/* End PBXFileReference section */

/* Begin PBXFileSystemSynchronizedRootGroup section */
		300A53F32DD8BCA600A9BC6A /* project 1  */ = {
			isa = PBXFileSystemSynchronizedRootGroup;
			path = "project 1 ";
			sourceTree = "<group>";
		};
/* End PBXFileSystemSynchronizedRootGroup section */

/* Begin PBXFrameworksBuildPhase section */
		300A53EE2DD8BCA600A9BC6A /* Frameworks */ = {
			isa = PBXFrameworksBuildPhase;
			buildActionMask = 2147483647;
			files = (
			);
			runOnlyForDeploymentPostprocessing = 0;
		};
		300A53FB2DD8BCA700A9BC6A /* Frameworks */ = {
			isa = PBXFrameworksBuildPhase;
			buildActionMask = 2147483647;
			files = (
			);
			runOnlyForDeploymentPostprocessing = 0;
		};
		300A54052DD8BCA700A9BC6A /* Frameworks */ = {
			isa = PBXFrameworksBuildPhase;
			buildActionMask = 2147483647;
			files = (
			);
			runOnlyForDeploymentPostprocessing = 0;
		};
/* End PBXFrameworksBuildPhase section */

/* Begin PBXGroup section */
		300A53E82DD8BCA600A9BC6A = {
			isa = PBXGroup;
			children = (
				30A379CE2DDD412A000493CE /* Assets 2.xcassets */,
				305BC60B2DDB72DC007A6E50 /* Assets.xcassets */,
				300A53F32DD8BCA600A9BC6A /* project 1  */,
				300A53F22DD8BCA600A9BC6A /* Products */,
			);
			sourceTree = "<group>";
		};
		300A53F22DD8BCA600A9BC6A /* Products */ = {
			isa = PBXGroup;
			children = (
				300A53F12DD8BCA600A9BC6A /* project 1 .app */,
				300A53FE2DD8BCA700A9BC6A /* project 1 Tests.xctest */,
				300A54082DD8BCA700A9BC6A /* project 1 UITests.xctest */,
			);
			name = Products;
			sourceTree = "<group>";
		};
/* End PBXGroup section */

/* Begin PBXNativeTarget section */
		300A53F02DD8BCA600A9BC6A /* project 1  */ = {
			isa = PBXNativeTarget;
			buildConfigurationList = 300A54122DD8BCA700A9BC6A /* Build configuration list for PBXNativeTarget "project 1 " */;
			buildPhases = (
				300A53ED2DD8BCA600A9BC6A /* Sources */,
				300A53EE2DD8BCA600A9BC6A /* Frameworks */,
				300A53EF2DD8BCA600A9BC6A /* Resources */,
			);
			buildRules = (
			);
			dependencies = (
			);
			fileSystemSynchronizedGroups = (
				300A53F32DD8BCA600A9BC6A /* project 1  */,
			);
			name = "project 1 ";
			packageProductDependencies = (
			);
			productName = "HelloWorld HelloWorld HelloWorld Hello word";
			productReference = 300A53F12DD8BCA600A9BC6A /* project 1 .app */;
			productType = "com.apple.product-type.application";
		};
		300A53FD2DD8BCA700A9BC6A /* project 1 Tests */ = {
			isa = PBXNativeTarget;
			buildConfigurationList = 300A54152DD8BCA700A9BC6A /* Build configuration list for PBXNativeTarget "project 1 Tests" */;
			buildPhases = (
				300A53FA2DD8BCA700A9BC6A /* Sources */,
				300A53FB2DD8BCA700A9BC6A /* Frameworks */,
				300A53FC2DD8BCA700A9BC6A /* Resources */,
			);
			buildRules = (
			);
			dependencies = (
				300A54002DD8BCA700A9BC6A /* PBXTargetDependency */,
			);
			name = "project 1 Tests";
			packageProductDependencies = (
			);
			productName = "HelloWorld HelloWorld HelloWorld Hello wordTests";
			productReference = 300A53FE2DD8BCA700A9BC6A /* project 1 Tests.xctest */;
			productType = "com.apple.product-type.bundle.unit-test";
		};
		300A54072DD8BCA700A9BC6A /* project 1 UITests */ = {
			isa = PBXNativeTarget;
			buildConfigurationList = 300A54182DD8BCA700A9BC6A /* Build configuration list for PBXNativeTarget "project 1 UITests" */;
			buildPhases = (
				300A54042DD8BCA700A9BC6A /* Sources */,
				300A54052DD8BCA700A9BC6A /* Frameworks */,
				300A54062DD8BCA700A9BC6A /* Resources */,
			);
			buildRules = (
			);
			dependencies = (
				300A540A2DD8BCA700A9BC6A /* PBXTargetDependency */,
			);
			name = "project 1 UITests";
			packageProductDependencies = (
			);
			productName = "HelloWorld HelloWorld HelloWorld Hello wordUITests";
			productReference = 300A54082DD8BCA700A9BC6A /* project 1 UITests.xctest */;
			productType = "com.apple.product-type.bundle.ui-testing";
		};
/* End PBXNativeTarget section */

/* Begin PBXProject section */
		300A53E92DD8BCA600A9BC6A /* Project object */ = {
			isa = PBXProject;
			attributes = {
				BuildIndependentTargetsInParallel = 1;
				LastSwiftUpdateCheck = 1630;
				LastUpgradeCheck = 1630;
				TargetAttributes = {
					300A53F02DD8BCA600A9BC6A = {
						CreatedOnToolsVersion = 16.3;
					};
					300A53FD2DD8BCA700A9BC6A = {
						CreatedOnToolsVersion = 16.3;
						TestTargetID = 300A53F02DD8BCA600A9BC6A;
					};
					300A54072DD8BCA700A9BC6A = {
						CreatedOnToolsVersion = 16.3;
						TestTargetID = 300A53F02DD8BCA600A9BC6A;
					};
				};
			};
			buildConfigurationList = 300A53EC2DD8BCA600A9BC6A /* Build configuration list for PBXProject "project 1 " */;
			developmentRegion = en;
			hasScannedForEncodings = 0;
			knownRegions = (
				en,
				Base,
			);
			mainGroup = 300A53E82DD8BCA600A9BC6A;
			minimizedProjectReferenceProxies = 1;
			preferredProjectObjectVersion = 77;
			productRefGroup = 300A53F22DD8BCA600A9BC6A /* Products */;
			projectDirPath = "";
			projectRoot = "";
			targets = (
				300A53F02DD8BCA600A9BC6A /* project 1  */,
				300A53FD2DD8BCA700A9BC6A /* project 1 Tests */,
				300A54072DD8BCA700A9BC6A /* project 1 UITests */,
			);
		};
/* End PBXProject section */

/* Begin PBXResourcesBuildPhase section */
		300A53EF2DD8BCA600A9BC6A /* Resources */ = {
			isa = PBXResourcesBuildPhase;
			buildActionMask = 2147483647;
			files = (
				30A379D32DDD412A000493CE /* Assets 2.xcassets in Resources */,
				305BC60C2DDB72DC007A6E50 /* Assets.xcassets in Resources */,
			);
			runOnlyForDeploymentPostprocessing = 0;
		};
		300A53FC2DD8BCA700A9BC6A /* Resources */ = {
			isa = PBXResourcesBuildPhase;
			buildActionMask = 2147483647;
			files = (
			);
			runOnlyForDeploymentPostprocessing = 0;
		};
		300A54062DD8BCA700A9BC6A /* Resources */ = {
			isa = PBXResourcesBuildPhase;
			buildActionMask = 2147483647;
			files = (
			);
			runOnlyForDeploymentPostprocessing = 0;
		};
/* End PBXResourcesBuildPhase section */

/* Begin PBXSourcesBuildPhase section */
		300A53ED2DD8BCA600A9BC6A /* Sources */ = {
			isa = PBXSourcesBuildPhase;
			buildActionMask = 2147483647;
			files = (
			);
			runOnlyForDeploymentPostprocessing = 0;
		};
		300A53FA2DD8BCA700A9BC6A /* Sources */ = {
			isa = PBXSourcesBuildPhase;
			buildActionMask = 2147483647;
			files = (
			);
			runOnlyForDeploymentPostprocessing = 0;
		};
		300A54042DD8BCA700A9BC6A /* Sources */ = {
			isa = PBXSourcesBuildPhase;
			buildActionMask = 2147483647;
			files = (
			);
			runOnlyForDeploymentPostprocessing = 0;
		};
/* End PBXSourcesBuildPhase section */

/* Begin PBXTargetDependency section */
		300A54002DD8BCA700A9BC6A /* PBXTargetDependency */ = {
			isa = PBXTargetDependency;
			target = 300A53F02DD8BCA600A9BC6A /* project 1  */;
			targetProxy = 300A53FF2DD8BCA700A9BC6A /* PBXContainerItemProxy */;
		};
		300A540A2DD8BCA700A9BC6A /* PBXTargetDependency */ = {
			isa = PBXTargetDependency;
			target = 300A53F02DD8BCA600A9BC6A /* project 1  */;
			targetProxy = 300A54092DD8BCA700A9BC6A /* PBXContainerItemProxy */;
		};
/* End PBXTargetDependency section */

/* Begin XCBuildConfiguration section */
		300A54102DD8BCA700A9BC6A /* Debug */ = {
			isa = XCBuildConfiguration;
			buildSettings = {
				ALWAYS_SEARCH_USER_PATHS = NO;
				ASSETCATALOG_COMPILER_GENERATE_SWIFT_ASSET_SYMBOL_EXTENSIONS = YES;
				CLANG_ANALYZER_NONNULL = YES;
				CLANG_ANALYZER_NUMBER_OBJECT_CONVERSION = YES_AGGRESSIVE;
				CLANG_CXX_LANGUAGE_STANDARD = "gnu++20";
				CLANG_ENABLE_MODULES = YES;
				CLANG_ENABLE_OBJC_ARC = YES;
				CLANG_ENABLE_OBJC_WEAK = YES;
				CLANG_WARN_BLOCK_CAPTURE_AUTORELEASING = YES;
				CLANG_WARN_BOOL_CONVERSION = YES;
				CLANG_WARN_COMMA = YES;
				CLANG_WARN_CONSTANT_CONVERSION = YES;
				CLANG_WARN_DEPRECATED_OBJC_IMPLEMENTATIONS = YES;
				CLANG_WARN_DIRECT_OBJC_ISA_USAGE = YES_ERROR;
				CLANG_WARN_DOCUMENTATION_COMMENTS = YES;
				CLANG_WARN_EMPTY_BODY = YES;
				CLANG_WARN_ENUM_CONVERSION = YES;
				CLANG_WARN_INFINITE_RECURSION = YES;
				CLANG_WARN_INT_CONVERSION = YES;
				CLANG_WARN_NON_LITERAL_NULL_CONVERSION = YES;
				CLANG_WARN_OBJC_IMPLICIT_RETAIN_SELF = YES;
				CLANG_WARN_OBJC_LITERAL_CONVERSION = YES;
				CLANG_WARN_OBJC_ROOT_CLASS = YES_ERROR;
				CLANG_WARN_QUOTED_INCLUDE_IN_FRAMEWORK_HEADER = YES;
				CLANG_WARN_RANGE_LOOP_ANALYSIS = YES;
				CLANG_WARN_STRICT_PROTOTYPES = YES;
				CLANG_WARN_SUSPICIOUS_MOVE = YES;
				CLANG_WARN_UNGUARDED_AVAILABILITY = YES_AGGRESSIVE;
				CLANG_WARN_UNREACHABLE_CODE = YES;
				CLANG_WARN__DUPLICATE_METHOD_MATCH = YES;
				COPY_PHASE_STRIP = NO;
				DEBUG_INFORMATION_FORMAT = dwarf;
				ENABLE_STRICT_OBJC_MSGSEND = YES;
				ENABLE_TESTABILITY = YES;
				ENABLE_USER_SCRIPT_SANDBOXING = YES;
				GCC_C_LANGUAGE_STANDARD = gnu17;
				GCC_DYNAMIC_NO_PIC = NO;
				GCC_NO_COMMON_BLOCKS = YES;
				GCC_OPTIMIZATION_LEVEL = 0;
				GCC_PREPROCESSOR_DEFINITIONS = (
					"DEBUG=1",
					"$(inherited)",
				);
				GCC_WARN_64_TO_32_BIT_CONVERSION = YES;
				GCC_WARN_ABOUT_RETURN_TYPE = YES_ERROR;
				GCC_WARN_UNDECLARED_SELECTOR = YES;
				GCC_WARN_UNINITIALIZED_AUTOS = YES_AGGRESSIVE;
				GCC_WARN_UNUSED_FUNCTION = YES;
				GCC_WARN_UNUSED_VARIABLE = YES;
				IPHONEOS_DEPLOYMENT_TARGET = 18.4;
				LOCALIZATION_PREFERS_STRING_CATALOGS = YES;
				MTL_ENABLE_DEBUG_INFO = INCLUDE_SOURCE;
				MTL_FAST_MATH = YES;
				ONLY_ACTIVE_ARCH = YES;
				SDKROOT = iphoneos;
				SWIFT_ACTIVE_COMPILATION_CONDITIONS = "DEBUG $(inherited)";
				SWIFT_OPTIMIZATION_LEVEL = "-Onone";
			};
			name = Debug;
		};
		300A54112DD8BCA700A9BC6A /* Release */ = {
			isa = XCBuildConfiguration;
			buildSettings = {
				ALWAYS_SEARCH_USER_PATHS = NO;
				ASSETCATALOG_COMPILER_GENERATE_SWIFT_ASSET_SYMBOL_EXTENSIONS = YES;
				CLANG_ANALYZER_NONNULL = YES;
				CLANG_ANALYZER_NUMBER_OBJECT_CONVERSION = YES_AGGRESSIVE;
				CLANG_CXX_LANGUAGE_STANDARD = "gnu++20";
				CLANG_ENABLE_MODULES = YES;
				CLANG_ENABLE_OBJC_ARC = YES;
				CLANG_ENABLE_OBJC_WEAK = YES;
				CLANG_WARN_BLOCK_CAPTURE_AUTORELEASING = YES;
				CLANG_WARN_BOOL_CONVERSION = YES;
				CLANG_WARN_COMMA = YES;
				CLANG_WARN_CONSTANT_CONVERSION = YES;
				CLANG_WARN_DEPRECATED_OBJC_IMPLEMENTATIONS = YES;
				CLANG_WARN_DIRECT_OBJC_ISA_USAGE = YES_ERROR;
				CLANG_WARN_DOCUMENTATION_COMMENTS = YES;
				CLANG_WARN_EMPTY_BODY = YES;
				CLANG_WARN_ENUM_CONVERSION = YES;
				CLANG_WARN_INFINITE_RECURSION = YES;
				CLANG_WARN_INT_CONVERSION = YES;
				CLANG_WARN_NON_LITERAL_NULL_CONVERSION = YES;
				CLANG_WARN_OBJC_IMPLICIT_RETAIN_SELF = YES;
				CLANG_WARN_OBJC_LITERAL_CONVERSION = YES;
				CLANG_WARN_OBJC_ROOT_CLASS = YES_ERROR;
				CLANG_WARN_QUOTED_INCLUDE_IN_FRAMEWORK_HEADER = YES;
				CLANG_WARN_RANGE_LOOP_ANALYSIS = YES;
				CLANG_WARN_STRICT_PROTOTYPES = YES;
				CLANG_WARN_SUSPICIOUS_MOVE = YES;
				CLANG_WARN_UNGUARDED_AVAILABILITY = YES_AGGRESSIVE;
				CLANG_WARN_UNREACHABLE_CODE = YES;
				CLANG_WARN__DUPLICATE_METHOD_MATCH = YES;
				COPY_PHASE_STRIP = NO;
				DEBUG_INFORMATION_FORMAT = "dwarf-with-dsym";
				ENABLE_NS_ASSERTIONS = NO;
				ENABLE_STRICT_OBJC_MSGSEND = YES;
				ENABLE_USER_SCRIPT_SANDBOXING = YES;
				GCC_C_LANGUAGE_STANDARD = gnu17;
				GCC_NO_COMMON_BLOCKS = YES;
				GCC_WARN_64_TO_32_BIT_CONVERSION = YES;
				GCC_WARN_ABOUT_RETURN_TYPE = YES_ERROR;
				GCC_WARN_UNDECLARED_SELECTOR = YES;
				GCC_WARN_UNINITIALIZED_AUTOS = YES_AGGRESSIVE;
				GCC_WARN_UNUSED_FUNCTION = YES;
				GCC_WARN_UNUSED_VARIABLE = YES;
				IPHONEOS_DEPLOYMENT_TARGET = 18.4;
				LOCALIZATION_PREFERS_STRING_CATALOGS = YES;
				MTL_ENABLE_DEBUG_INFO = NO;
				MTL_FAST_MATH = YES;
				SDKROOT = iphoneos;
				SWIFT_COMPILATION_MODE = wholemodule;
				VALIDATE_PRODUCT = YES;
			};
			name = Release;
		};
		300A54132DD8BCA700A9BC6A /* Debug */ = {
			isa = XCBuildConfiguration;
			buildSettings = {
				ASSETCATALOG_COMPILER_APPICON_NAME = AppIcon;
				ASSETCATALOG_COMPILER_GLOBAL_ACCENT_COLOR_NAME = AccentColor;
				CODE_SIGN_STYLE = Automatic;
				CURRENT_PROJECT_VERSION = 1;
				ENABLE_PREVIEWS = YES;
				GENERATE_INFOPLIST_FILE = YES;
				INFOPLIST_KEY_UIApplicationSceneManifest_Generation = YES;
				INFOPLIST_KEY_UIApplicationSupportsIndirectInputEvents = YES;
				INFOPLIST_KEY_UILaunchScreen_Generation = YES;
				INFOPLIST_KEY_UISupportedInterfaceOrientations_iPad = "UIInterfaceOrientationPortrait UIInterfaceOrientationPortraitUpsideDown UIInterfaceOrientationLandscapeLeft UIInterfaceOrientationLandscapeRight";
				INFOPLIST_KEY_UISupportedInterfaceOrientations_iPhone = "UIInterfaceOrientationPortrait UIInterfaceOrientationLandscapeLeft UIInterfaceOrientationLandscapeRight";
				LD_RUNPATH_SEARCH_PATHS = (
					"$(inherited)",
					"@executable_path/Frameworks",
				);
				MARKETING_VERSION = 1.0;
				PRODUCT_BUNDLE_IDENTIFIER = "moein.HelloWorld-HelloWorld-HelloWorld-Hello-word";
				PRODUCT_NAME = "$(TARGET_NAME)";
				SWIFT_EMIT_LOC_STRINGS = YES;
				SWIFT_VERSION = 5.0;
				TARGETED_DEVICE_FAMILY = "1,2";
			};
			name = Debug;
		};
		300A54142DD8BCA700A9BC6A /* Release */ = {
			isa = XCBuildConfiguration;
			buildSettings = {
				ASSETCATALOG_COMPILER_APPICON_NAME = AppIcon;
				ASSETCATALOG_COMPILER_GLOBAL_ACCENT_COLOR_NAME = AccentColor;
				CODE_SIGN_STYLE = Automatic;
				CURRENT_PROJECT_VERSION = 1;
				ENABLE_PREVIEWS = YES;
				GENERATE_INFOPLIST_FILE = YES;
				INFOPLIST_KEY_UIApplicationSceneManifest_Generation = YES;
				INFOPLIST_KEY_UIApplicationSupportsIndirectInputEvents = YES;
				INFOPLIST_KEY_UILaunchScreen_Generation = YES;
				INFOPLIST_KEY_UISupportedInterfaceOrientations_iPad = "UIInterfaceOrientationPortrait UIInterfaceOrientationPortraitUpsideDown UIInterfaceOrientationLandscapeLeft UIInterfaceOrientationLandscapeRight";
				INFOPLIST_KEY_UISupportedInterfaceOrientations_iPhone = "UIInterfaceOrientationPortrait UIInterfaceOrientationLandscapeLeft UIInterfaceOrientationLandscapeRight";
				LD_RUNPATH_SEARCH_PATHS = (
					"$(inherited)",
					"@executable_path/Frameworks",
				);
				MARKETING_VERSION = 1.0;
				PRODUCT_BUNDLE_IDENTIFIER = "moein.HelloWorld-HelloWorld-HelloWorld-Hello-word";
				PRODUCT_NAME = "$(TARGET_NAME)";
				SWIFT_EMIT_LOC_STRINGS = YES;
				SWIFT_VERSION = 5.0;
				TARGETED_DEVICE_FAMILY = "1,2";
			};
			name = Release;
		};
		300A54162DD8BCA700A9BC6A /* Debug */ = {
			isa = XCBuildConfiguration;
			buildSettings = {
				BUNDLE_LOADER = "$(TEST_HOST)";
				CODE_SIGN_STYLE = Automatic;
				CURRENT_PROJECT_VERSION = 1;
				GENERATE_INFOPLIST_FILE = YES;
				IPHONEOS_DEPLOYMENT_TARGET = 18.4;
				MARKETING_VERSION = 1.0;
				PRODUCT_BUNDLE_IDENTIFIER = "moein.HelloWorld-HelloWorld-HelloWorld-Hello-wordTests";
				PRODUCT_NAME = "$(TARGET_NAME)";
				SWIFT_EMIT_LOC_STRINGS = NO;
				SWIFT_VERSION = 5.0;
				TARGETED_DEVICE_FAMILY = "1,2";
				TEST_HOST = "$(BUILT_PRODUCTS_DIR)/project 1 .app/$(BUNDLE_EXECUTABLE_FOLDER_PATH)/project 1 ";
			};
			name = Debug;
		};
		300A54172DD8BCA700A9BC6A /* Release */ = {
			isa = XCBuildConfiguration;
			buildSettings = {
				BUNDLE_LOADER = "$(TEST_HOST)";
				CODE_SIGN_STYLE = Automatic;
				CURRENT_PROJECT_VERSION = 1;
				GENERATE_INFOPLIST_FILE = YES;
				IPHONEOS_DEPLOYMENT_TARGET = 18.4;
				MARKETING_VERSION = 1.0;
				PRODUCT_BUNDLE_IDENTIFIER = "moein.HelloWorld-HelloWorld-HelloWorld-Hello-wordTests";
				PRODUCT_NAME = "$(TARGET_NAME)";
				SWIFT_EMIT_LOC_STRINGS = NO;
				SWIFT_VERSION = 5.0;
				TARGETED_DEVICE_FAMILY = "1,2";
				TEST_HOST = "$(BUILT_PRODUCTS_DIR)/project 1 .app/$(BUNDLE_EXECUTABLE_FOLDER_PATH)/project 1 ";
			};
			name = Release;
		};
		300A54192DD8BCA700A9BC6A /* Debug */ = {
			isa = XCBuildConfiguration;
			buildSettings = {
				CODE_SIGN_STYLE = Automatic;
				CURRENT_PROJECT_VERSION = 1;
				GENERATE_INFOPLIST_FILE = YES;
				MARKETING_VERSION = 1.0;
				PRODUCT_BUNDLE_IDENTIFIER = "moein.HelloWorld-HelloWorld-HelloWorld-Hello-wordUITests";
				PRODUCT_NAME = "$(TARGET_NAME)";
				SWIFT_EMIT_LOC_STRINGS = NO;
				SWIFT_VERSION = 5.0;
				TARGETED_DEVICE_FAMILY = "1,2";
				TEST_TARGET_NAME = "HelloWorld HelloWorld HelloWorld Hello word";
			};
			name = Debug;
		};
		300A541A2DD8BCA700A9BC6A /* Release */ = {
			isa = XCBuildConfiguration;
			buildSettings = {
				CODE_SIGN_STYLE = Automatic;
				CURRENT_PROJECT_VERSION = 1;
				GENERATE_INFOPLIST_FILE = YES;
				MARKETING_VERSION = 1.0;
				PRODUCT_BUNDLE_IDENTIFIER = "moein.HelloWorld-HelloWorld-HelloWorld-Hello-wordUITests";
				PRODUCT_NAME = "$(TARGET_NAME)";
				SWIFT_EMIT_LOC_STRINGS = NO;
				SWIFT_VERSION = 5.0;
				TARGETED_DEVICE_FAMILY = "1,2";
				TEST_TARGET_NAME = "HelloWorld HelloWorld HelloWorld Hello word";
			};
			name = Release;
		};
/* End XCBuildConfiguration section */

/* Begin XCConfigurationList section */
		300A53EC2DD8BCA600A9BC6A /* Build configuration list for PBXProject "project 1 " */ = {
			isa = XCConfigurationList;
			buildConfigurations = (
				300A54102DD8BCA700A9BC6A /* Debug */,
				300A54112DD8BCA700A9BC6A /* Release */,
			);
			defaultConfigurationIsVisible = 0;
			defaultConfigurationName = Release;
		};
		300A54122DD8BCA700A9BC6A /* Build configuration list for PBXNativeTarget "project 1 " */ = {
			isa = XCConfigurationList;
			buildConfigurations = (
				300A54132DD8BCA700A9BC6A /* Debug */,
				300A54142DD8BCA700A9BC6A /* Release */,
			);
			defaultConfigurationIsVisible = 0;
			defaultConfigurationName = Release;
		};
		300A54152DD8BCA700A9BC6A /* Build configuration list for PBXNativeTarget "project 1 Tests" */ = {
			isa = XCConfigurationList;
			buildConfigurations = (
				300A54162DD8BCA700A9BC6A /* Debug */,
				300A54172DD8BCA700A9BC6A /* Release */,
			);
			defaultConfigurationIsVisible = 0;
			defaultConfigurationName = Release;
		};
		300A54182DD8BCA700A9BC6A /* Build configuration list for PBXNativeTarget "project 1 UITests" */ = {
			isa = XCConfigurationList;
			buildConfigurations = (
				300A54192DD8BCA700A9BC6A /* Debug */,
				300A541A2DD8BCA700A9BC6A /* Release */,
			);
			defaultConfigurationIsVisible = 0;
			defaultConfigurationName = Release;
		};
/* End XCConfigurationList section */
	};
	rootObject = 300A53E92DD8BCA600A9BC6A /* Project object */;
}
